// !$*UTF8*$!
{
	archiveVersion = 1;
	classes = {
	};
	objectVersion = 56;
	objects = {

/* Begin PBXBuildFile section */
		B6DD3E682A471BE2003CBB42 /* AppDelegate.m in Sources */ = {isa = PBXBuildFile; fileRef = B6DD3E672A471BE2003CBB42 /* AppDelegate.m */; };
		B6DD3E6B2A471BE2003CBB42 /* SceneDelegate.m in Sources */ = {isa = PBXBuildFile; fileRef = B6DD3E6A2A471BE2003CBB42 /* SceneDelegate.m */; };
		B6DD3E6E2A471BE2003CBB42 /* ViewController.m in Sources */ = {isa = PBXBuildFile; fileRef = B6DD3E6D2A471BE2003CBB42 /* ViewController.m */; };
		B6DD3E712A471BE2003CBB42 /* Main.storyboard in Resources */ = {isa = PBXBuildFile; fileRef = B6DD3E6F2A471BE2003CBB42 /* Main.storyboard */; };
		B6DD3E732A471BE3003CBB42 /* Assets.xcassets in Resources */ = {isa = PBXBuildFile; fileRef = B6DD3E722A471BE3003CBB42 /* Assets.xcassets */; };
		B6DD3E762A471BE3003CBB42 /* LaunchScreen.storyboard in Resources */ = {isa = PBXBuildFile; fileRef = B6DD3E742A471BE3003CBB42 /* LaunchScreen.storyboard */; };
		B6DD3E792A471BE3003CBB42 /* main.m in Sources */ = {isa = PBXBuildFile; fileRef = B6DD3E782A471BE3003CBB42 /* main.m */; };
		B6DD3E832A471BE3003CBB42 /* AncientTests.m in Sources */ = {isa = PBXBuildFile; fileRef = B6DD3E822A471BE3003CBB42 /* AncientTests.m */; };
		B6DD3E8D2A471BE3003CBB42 /* AncientUITests.m in Sources */ = {isa = PBXBuildFile; fileRef = B6DD3E8C2A471BE3003CBB42 /* AncientUITests.m */; };
		B6DD3E8F2A471BE3003CBB42 /* AncientUITestsLaunchTests.m in Sources */ = {isa = PBXBuildFile; fileRef = B6DD3E8E2A471BE3003CBB42 /* AncientUITestsLaunchTests.m */; };
/* End PBXBuildFile section */

/* Begin PBXContainerItemProxy section */
		B6DD3E7F2A471BE3003CBB42 /* PBXContainerItemProxy */ = {
			isa = PBXContainerItemProxy;
			containerPortal = B6DD3E5B2A471BE2003CBB42 /* Project object */;
			proxyType = 1;
			remoteGlobalIDString = B6DD3E622A471BE2003CBB42;
			remoteInfo = Ancient;
		};
		B6DD3E892A471BE3003CBB42 /* PBXContainerItemProxy */ = {
			isa = PBXContainerItemProxy;
			containerPortal = B6DD3E5B2A471BE2003CBB42 /* Project object */;
			proxyType = 1;
			remoteGlobalIDString = B6DD3E622A471BE2003CBB42;
			remoteInfo = Ancient;
		};
/* End PBXContainerItemProxy section */

/* Begin PBXFileReference section */
		B6DD3E632A471BE2003CBB42 /* Ancient.app */ = {isa = PBXFileReference; explicitFileType = wrapper.application; includeInIndex = 0; path = Ancient.app; sourceTree = BUILT_PRODUCTS_DIR; };
		B6DD3E662A471BE2003CBB42 /* AppDelegate.h */ = {isa = PBXFileReference; lastKnownFileType = sourcecode.c.h; path = AppDelegate.h; sourceTree = "<group>"; };
		B6DD3E672A471BE2003CBB42 /* AppDelegate.m */ = {isa = PBXFileReference; lastKnownFileType = sourcecode.c.objc; path = AppDelegate.m; sourceTree = "<group>"; };
		B6DD3E692A471BE2003CBB42 /* SceneDelegate.h */ = {isa = PBXFileReference; lastKnownFileType = sourcecode.c.h; path = SceneDelegate.h; sourceTree = "<group>"; };
		B6DD3E6A2A471BE2003CBB42 /* SceneDelegate.m */ = {isa = PBXFileReference; lastKnownFileType = sourcecode.c.objc; path = SceneDelegate.m; sourceTree = "<group>"; };
		B6DD3E6C2A471BE2003CBB42 /* ViewController.h */ = {isa = PBXFileReference; lastKnownFileType = sourcecode.c.h; path = ViewController.h; sourceTree = "<group>"; };
		B6DD3E6D2A471BE2003CBB42 /* ViewController.m */ = {isa = PBXFileReference; lastKnownFileType = sourcecode.c.objc; path = ViewController.m; sourceTree = "<group>"; };
		B6DD3E702A471BE2003CBB42 /* Base */ = {isa = PBXFileReference; lastKnownFileType = file.storyboard; name = Base; path = Base.lproj/Main.storyboard; sourceTree = "<group>"; };
		B6DD3E722A471BE3003CBB42 /* Assets.xcassets */ = {isa = PBXFileReference; lastKnownFileType = folder.assetcatalog; path = Assets.xcassets; sourceTree = "<group>"; };
		B6DD3E752A471BE3003CBB42 /* Base */ = {isa = PBXFileReference; lastKnownFileType = file.storyboard; name = Base; path = Base.lproj/LaunchScreen.storyboard; sourceTree = "<group>"; };
		B6DD3E772A471BE3003CBB42 /* Info.plist */ = {isa = PBXFileReference; lastKnownFileType = text.plist.xml; path = Info.plist; sourceTree = "<group>"; };
		B6DD3E782A471BE3003CBB42 /* main.m */ = {isa = PBXFileReference; lastKnownFileType = sourcecode.c.objc; path = main.m; sourceTree = "<group>"; };
		B6DD3E7E2A471BE3003CBB42 /* AncientTests.xctest */ = {isa = PBXFileReference; explicitFileType = wrapper.cfbundle; includeInIndex = 0; path = AncientTests.xctest; sourceTree = BUILT_PRODUCTS_DIR; };
		B6DD3E822A471BE3003CBB42 /* AncientTests.m */ = {isa = PBXFileReference; lastKnownFileType = sourcecode.c.objc; path = AncientTests.m; sourceTree = "<group>"; };
		B6DD3E882A471BE3003CBB42 /* AncientUITests.xctest */ = {isa = PBXFileReference; explicitFileType = wrapper.cfbundle; includeInIndex = 0; path = AncientUITests.xctest; sourceTree = BUILT_PRODUCTS_DIR; };
		B6DD3E8C2A471BE3003CBB42 /* AncientUITests.m */ = {isa = PBXFileReference; lastKnownFileType = sourcecode.c.objc; path = AncientUITests.m; sourceTree = "<group>"; };
		B6DD3E8E2A471BE3003CBB42 /* AncientUITestsLaunchTests.m */ = {isa = PBXFileReference; lastKnownFileType = sourcecode.c.objc; path = AncientUITestsLaunchTests.m; sourceTree = "<group>"; };
/* End PBXFileReference section */

/* Begin PBXFrameworksBuildPhase section */
		B6DD3E602A471BE2003CBB42 /* Frameworks */ = {
			isa = PBXFrameworksBuildPhase;
			buildActionMask = 2147483647;
			files = (
			);
			runOnlyForDeploymentPostprocessing = 0;
		};
		B6DD3E7B2A471BE3003CBB42 /* Frameworks */ = {
			isa = PBXFrameworksBuildPhase;
			buildActionMask = 2147483647;
			files = (
			);
			runOnlyForDeploymentPostprocessing = 0;
		};
		B6DD3E852A471BE3003CBB42 /* Frameworks */ = {
			isa = PBXFrameworksBuildPhase;
			buildActionMask = 2147483647;
			files = (
			);
			runOnlyForDeploymentPostprocessing = 0;
		};
/* End PBXFrameworksBuildPhase section */

/* Begin PBXGroup section */
		B6DD3E5A2A471BE2003CBB42 = {
			isa = PBXGroup;
			children = (
				B6DD3E652A471BE2003CBB42 /* Ancient */,
				B6DD3E812A471BE3003CBB42 /* AncientTests */,
				B6DD3E8B2A471BE3003CBB42 /* AncientUITests */,
				B6DD3E642A471BE2003CBB42 /* Products */,
			);
			sourceTree = "<group>";
		};
		B6DD3E642A471BE2003CBB42 /* Products */ = {
			isa = PBXGroup;
			children = (
				B6DD3E632A471BE2003CBB42 /* Ancient.app */,
				B6DD3E7E2A471BE3003CBB42 /* AncientTests.xctest */,
				B6DD3E882A471BE3003CBB42 /* AncientUITests.xctest */,
			);
			name = Products;
			sourceTree = "<group>";
		};
		B6DD3E652A471BE2003CBB42 /* Ancient */ = {
			isa = PBXGroup;
			children = (
				B6DD3E662A471BE2003CBB42 /* AppDelegate.h */,
				B6DD3E672A471BE2003CBB42 /* AppDelegate.m */,
				B6DD3E692A471BE2003CBB42 /* SceneDelegate.h */,
				B6DD3E6A2A471BE2003CBB42 /* SceneDelegate.m */,
				B6DD3E6C2A471BE2003CBB42 /* ViewController.h */,
				B6DD3E6D2A471BE2003CBB42 /* ViewController.m */,
				B6DD3E6F2A471BE2003CBB42 /* Main.storyboard */,
				B6DD3E722A471BE3003CBB42 /* Assets.xcassets */,
				B6DD3E742A471BE3003CBB42 /* LaunchScreen.storyboard */,
				B6DD3E772A471BE3003CBB42 /* Info.plist */,
				B6DD3E782A471BE3003CBB42 /* main.m */,
			);
			path = Ancient;
			sourceTree = "<group>";
		};
		B6DD3E812A471BE3003CBB42 /* AncientTests */ = {
			isa = PBXGroup;
			children = (
				B6DD3E822A471BE3003CBB42 /* AncientTests.m */,
			);
			path = AncientTests;
			sourceTree = "<group>";
		};
		B6DD3E8B2A471BE3003CBB42 /* AncientUITests */ = {
			isa = PBXGroup;
			children = (
				B6DD3E8C2A471BE3003CBB42 /* AncientUITests.m */,
				B6DD3E8E2A471BE3003CBB42 /* AncientUITestsLaunchTests.m */,
			);
			path = AncientUITests;
			sourceTree = "<group>";
		};
/* End PBXGroup section */

/* Begin PBXNativeTarget section */
		B6DD3E622A471BE2003CBB42 /* Ancient */ = {
			isa = PBXNativeTarget;
			buildConfigurationList = B6DD3E922A471BE3003CBB42 /* Build configuration list for PBXNativeTarget "Ancient" */;
			buildPhases = (
				B6DD3E5F2A471BE2003CBB42 /* Sources */,
				B6DD3E602A471BE2003CBB42 /* Frameworks */,
				B6DD3E612A471BE2003CBB42 /* Resources */,
			);
			buildRules = (
			);
			dependencies = (
			);
			name = Ancient;
			productName = Ancient;
			productReference = B6DD3E632A471BE2003CBB42 /* Ancient.app */;
			productType = "com.apple.product-type.application";
		};
		B6DD3E7D2A471BE3003CBB42 /* AncientTests */ = {
			isa = PBXNativeTarget;
			buildConfigurationList = B6DD3E952A471BE3003CBB42 /* Build configuration list for PBXNativeTarget "AncientTests" */;
			buildPhases = (
				B6DD3E7A2A471BE3003CBB42 /* Sources */,
				B6DD3E7B2A471BE3003CBB42 /* Frameworks */,
				B6DD3E7C2A471BE3003CBB42 /* Resources */,
			);
			buildRules = (
			);
			dependencies = (
				B6DD3E802A471BE3003CBB42 /* PBXTargetDependency */,
			);
			name = AncientTests;
			productName = AncientTests;
			productReference = B6DD3E7E2A471BE3003CBB42 /* AncientTests.xctest */;
			productType = "com.apple.product-type.bundle.unit-test";
		};
		B6DD3E872A471BE3003CBB42 /* AncientUITests */ = {
			isa = PBXNativeTarget;
			buildConfigurationList = B6DD3E982A471BE3003CBB42 /* Build configuration list for PBXNativeTarget "AncientUITests" */;
			buildPhases = (
				B6DD3E842A471BE3003CBB42 /* Sources */,
				B6DD3E852A471BE3003CBB42 /* Frameworks */,
				B6DD3E862A471BE3003CBB42 /* Resources */,
			);
			buildRules = (
			);
			dependencies = (
				B6DD3E8A2A471BE3003CBB42 /* PBXTargetDependency */,
			);
			name = AncientUITests;
			productName = AncientUITests;
			productReference = B6DD3E882A471BE3003CBB42 /* AncientUITests.xctest */;
			productType = "com.apple.product-type.bundle.ui-testing";
		};
/* End PBXNativeTarget section */

/* Begin PBXProject section */
		B6DD3E5B2A471BE2003CBB42 /* Project object */ = {
			isa = PBXProject;
			attributes = {
				BuildIndependentTargetsInParallel = 1;
				LastUpgradeCheck = 1420;
				TargetAttributes = {
					B6DD3E622A471BE2003CBB42 = {
						CreatedOnToolsVersion = 14.2;
					};
					B6DD3E7D2A471BE3003CBB42 = {
						CreatedOnToolsVersion = 14.2;
						TestTargetID = B6DD3E622A471BE2003CBB42;
					};
					B6DD3E872A471BE3003CBB42 = {
						CreatedOnToolsVersion = 14.2;
						TestTargetID = B6DD3E622A471BE2003CBB42;
					};
				};
			};
			buildConfigurationList = B6DD3E5E2A471BE2003CBB42 /* Build configuration list for PBXProject "Ancient" */;
			compatibilityVersion = "Xcode 14.0";
			developmentRegion = en;
			hasScannedForEncodings = 0;
			knownRegions = (
				en,
				Base,
			);
			mainGroup = B6DD3E5A2A471BE2003CBB42;
			productRefGroup = B6DD3E642A471BE2003CBB42 /* Products */;
			projectDirPath = "";
			projectRoot = "";
			targets = (
				B6DD3E622A471BE2003CBB42 /* Ancient */,
				B6DD3E7D2A471BE3003CBB42 /* AncientTests */,
				B6DD3E872A471BE3003CBB42 /* AncientUITests */,
			);
		};
/* End PBXProject section */

/* Begin PBXResourcesBuildPhase section */
		B6DD3E612A471BE2003CBB42 /* Resources */ = {
			isa = PBXResourcesBuildPhase;
			buildActionMask = 2147483647;
			files = (
				B6DD3E762A471BE3003CBB42 /* LaunchScreen.storyboard in Resources */,
				B6DD3E732A471BE3003CBB42 /* Assets.xcassets in Resources */,
				B6DD3E712A471BE2003CBB42 /* Main.storyboard in Resources */,
			);
			runOnlyForDeploymentPostprocessing = 0;
		};
		B6DD3E7C2A471BE3003CBB42 /* Resources */ = {
			isa = PBXResourcesBuildPhase;
			buildActionMask = 2147483647;
			files = (
			);
			runOnlyForDeploymentPostprocessing = 0;
		};
		B6DD3E862A471BE3003CBB42 /* Resources */ = {
			isa = PBXResourcesBuildPhase;
			buildActionMask = 2147483647;
			files = (
			);
			runOnlyForDeploymentPostprocessing = 0;
		};
/* End PBXResourcesBuildPhase section */

/* Begin PBXSourcesBuildPhase section */
		B6DD3E5F2A471BE2003CBB42 /* Sources */ = {
			isa = PBXSourcesBuildPhase;
			buildActionMask = 2147483647;
			files = (
				B6DD3E6E2A471BE2003CBB42 /* ViewController.m in Sources */,
				B6DD3E682A471BE2003CBB42 /* AppDelegate.m in Sources */,
				B6DD3E792A471BE3003CBB42 /* main.m in Sources */,
				B6DD3E6B2A471BE2003CBB42 /* SceneDelegate.m in Sources */,
			);
			runOnlyForDeploymentPostprocessing = 0;
		};
		B6DD3E7A2A471BE3003CBB42 /* Sources */ = {
			isa = PBXSourcesBuildPhase;
			buildActionMask = 2147483647;
			files = (
				B6DD3E832A471BE3003CBB42 /* AncientTests.m in Sources */,
			);
			runOnlyForDeploymentPostprocessing = 0;
		};
		B6DD3E842A471BE3003CBB42 /* Sources */ = {
			isa = PBXSourcesBuildPhase;
			buildActionMask = 2147483647;
			files = (
				B6DD3E8D2A471BE3003CBB42 /* AncientUITests.m in Sources */,
				B6DD3E8F2A471BE3003CBB42 /* AncientUITestsLaunchTests.m in Sources */,
			);
			runOnlyForDeploymentPostprocessing = 0;
		};
/* End PBXSourcesBuildPhase section */

/* Begin PBXTargetDependency section */
		B6DD3E802A471BE3003CBB42 /* PBXTargetDependency */ = {
			isa = PBXTargetDependency;
			target = B6DD3E622A471BE2003CBB42 /* Ancient */;
			targetProxy = B6DD3E7F2A471BE3003CBB42 /* PBXContainerItemProxy */;
		};
		B6DD3E8A2A471BE3003CBB42 /* PBXTargetDependency */ = {
			isa = PBXTargetDependency;
			target = B6DD3E622A471BE2003CBB42 /* Ancient */;
			targetProxy = B6DD3E892A471BE3003CBB42 /* PBXContainerItemProxy */;
		};
/* End PBXTargetDependency section */

/* Begin PBXVariantGroup section */
		B6DD3E6F2A471BE2003CBB42 /* Main.storyboard */ = {
			isa = PBXVariantGroup;
			children = (
				B6DD3E702A471BE2003CBB42 /* Base */,
			);
			name = Main.storyboard;
			sourceTree = "<group>";
		};
		B6DD3E742A471BE3003CBB42 /* LaunchScreen.storyboard */ = {
			isa = PBXVariantGroup;
			children = (
				B6DD3E752A471BE3003CBB42 /* Base */,
			);
			name = LaunchScreen.storyboard;
			sourceTree = "<group>";
		};
/* End PBXVariantGroup section */

/* Begin XCBuildConfiguration section */
		B6DD3E902A471BE3003CBB42 /* Debug */ = {
			isa = XCBuildConfiguration;
			buildSettings = {
				ALWAYS_SEARCH_USER_PATHS = NO;
				CLANG_ANALYZER_NONNULL = YES;
				CLANG_ANALYZER_NUMBER_OBJECT_CONVERSION = YES_AGGRESSIVE;
				CLANG_CXX_LANGUAGE_STANDARD = "gnu++20";
				CLANG_ENABLE_MODULES = YES;
				CLANG_ENABLE_OBJC_ARC = YES;
				CLANG_ENABLE_OBJC_WEAK = YES;
				CLANG_WARN_BLOCK_CAPTURE_AUTORELEASING = YES;
				CLANG_WARN_BOOL_CONVERSION = YES;
				CLANG_WARN_COMMA = YES;
				CLANG_WARN_CONSTANT_CONVERSION = YES;
				CLANG_WARN_DEPRECATED_OBJC_IMPLEMENTATIONS = YES;
				CLANG_WARN_DIRECT_OBJC_ISA_USAGE = YES_ERROR;
				CLANG_WARN_DOCUMENTATION_COMMENTS = YES;
				CLANG_WARN_EMPTY_BODY = YES;
				CLANG_WARN_ENUM_CONVERSION = YES;
				CLANG_WARN_INFINITE_RECURSION = YES;
				CLANG_WARN_INT_CONVERSION = YES;
				CLANG_WARN_NON_LITERAL_NULL_CONVERSION = YES;
				CLANG_WARN_OBJC_IMPLICIT_RETAIN_SELF = YES;
				CLANG_WARN_OBJC_LITERAL_CONVERSION = YES;
				CLANG_WARN_OBJC_ROOT_CLASS = YES_ERROR;
				CLANG_WARN_QUOTED_INCLUDE_IN_FRAMEWORK_HEADER = YES;
				CLANG_WARN_RANGE_LOOP_ANALYSIS = YES;
				CLANG_WARN_STRICT_PROTOTYPES = YES;
				CLANG_WARN_SUSPICIOUS_MOVE = YES;
				CLANG_WARN_UNGUARDED_AVAILABILITY = YES_AGGRESSIVE;
				CLANG_WARN_UNREACHABLE_CODE = YES;
				CLANG_WARN__DUPLICATE_METHOD_MATCH = YES;
				COPY_PHASE_STRIP = NO;
				DEBUG_INFORMATION_FORMAT = dwarf;
				ENABLE_STRICT_OBJC_MSGSEND = YES;
				ENABLE_TESTABILITY = YES;
				GCC_C_LANGUAGE_STANDARD = gnu11;
				GCC_DYNAMIC_NO_PIC = NO;
				GCC_NO_COMMON_BLOCKS = YES;
				GCC_OPTIMIZATION_LEVEL = 0;
				GCC_PREPROCESSOR_DEFINITIONS = (
					"DEBUG=1",
					"$(inherited)",
				);
				GCC_WARN_64_TO_32_BIT_CONVERSION = YES;
				GCC_WARN_ABOUT_RETURN_TYPE = YES_ERROR;
				GCC_WARN_UNDECLARED_SELECTOR = YES;
				GCC_WARN_UNINITIALIZED_AUTOS = YES_AGGRESSIVE;
				GCC_WARN_UNUSED_FUNCTION = YES;
				GCC_WARN_UNUSED_VARIABLE = YES;
				IPHONEOS_DEPLOYMENT_TARGET = 16.2;
				MTL_ENABLE_DEBUG_INFO = INCLUDE_SOURCE;
				MTL_FAST_MATH = YES;
				ONLY_ACTIVE_ARCH = YES;
				SDKROOT = iphoneos;
			};
			name = Debug;
		};
		B6DD3E912A471BE3003CBB42 /* Release */ = {
			isa = XCBuildConfiguration;
			buildSettings = {
				ALWAYS_SEARCH_USER_PATHS = NO;
				CLANG_ANALYZER_NONNULL = YES;
				CLANG_ANALYZER_NUMBER_OBJECT_CONVERSION = YES_AGGRESSIVE;
				CLANG_CXX_LANGUAGE_STANDARD = "gnu++20";
				CLANG_ENABLE_MODULES = YES;
				CLANG_ENABLE_OBJC_ARC = YES;
				CLANG_ENABLE_OBJC_WEAK = YES;
				CLANG_WARN_BLOCK_CAPTURE_AUTORELEASING = YES;
				CLANG_WARN_BOOL_CONVERSION = YES;
				CLANG_WARN_COMMA = YES;
				CLANG_WARN_CONSTANT_CONVERSION = YES;
				CLANG_WARN_DEPRECATED_OBJC_IMPLEMENTATIONS = YES;
				CLANG_WARN_DIRECT_OBJC_ISA_USAGE = YES_ERROR;
				CLANG_WARN_DOCUMENTATION_COMMENTS = YES;
				CLANG_WARN_EMPTY_BODY = YES;
				CLANG_WARN_ENUM_CONVERSION = YES;
				CLANG_WARN_INFINITE_RECURSION = YES;
				CLANG_WARN_INT_CONVERSION = YES;
				CLANG_WARN_NON_LITERAL_NULL_CONVERSION = YES;
				CLANG_WARN_OBJC_IMPLICIT_RETAIN_SELF = YES;
				CLANG_WARN_OBJC_LITERAL_CONVERSION = YES;
				CLANG_WARN_OBJC_ROOT_CLASS = YES_ERROR;
				CLANG_WARN_QUOTED_INCLUDE_IN_FRAMEWORK_HEADER = YES;
				CLANG_WARN_RANGE_LOOP_ANALYSIS = YES;
				CLANG_WARN_STRICT_PROTOTYPES = YES;
				CLANG_WARN_SUSPICIOUS_MOVE = YES;
				CLANG_WARN_UNGUARDED_AVAILABILITY = YES_AGGRESSIVE;
				CLANG_WARN_UNREACHABLE_CODE = YES;
				CLANG_WARN__DUPLICATE_METHOD_MATCH = YES;
				COPY_PHASE_STRIP = NO;
				DEBUG_INFORMATION_FORMAT = "dwarf-with-dsym";
				ENABLE_NS_ASSERTIONS = NO;
				ENABLE_STRICT_OBJC_MSGSEND = YES;
				GCC_C_LANGUAGE_STANDARD = gnu11;
				GCC_NO_COMMON_BLOCKS = YES;
				GCC_WARN_64_TO_32_BIT_CONVERSION = YES;
				GCC_WARN_ABOUT_RETURN_TYPE = YES_ERROR;
				GCC_WARN_UNDECLARED_SELECTOR = YES;
				GCC_WARN_UNINITIALIZED_AUTOS = YES_AGGRESSIVE;
				GCC_WARN_UNUSED_FUNCTION = YES;
				GCC_WARN_UNUSED_VARIABLE = YES;
				IPHONEOS_DEPLOYMENT_TARGET = 16.2;
				MTL_ENABLE_DEBUG_INFO = NO;
				MTL_FAST_MATH = YES;
				SDKROOT = iphoneos;
				VALIDATE_PRODUCT = YES;
			};
			name = Release;
		};
		B6DD3E932A471BE3003CBB42 /* Debug */ = {
			isa = XCBuildConfiguration;
			buildSettings = {
				ASSETCATALOG_COMPILER_APPICON_NAME = AppIcon;
				ASSETCATALOG_COMPILER_GLOBAL_ACCENT_COLOR_NAME = AccentColor;
				CODE_SIGN_STYLE = Automatic;
				CURRENT_PROJECT_VERSION = 1;
				DEVELOPMENT_TEAM = B8PR34D6DP;
				GENERATE_INFOPLIST_FILE = YES;
				INFOPLIST_FILE = Ancient/Info.plist;
				INFOPLIST_KEY_UIApplicationSupportsIndirectInputEvents = YES;
				INFOPLIST_KEY_UILaunchStoryboardName = LaunchScreen;
				INFOPLIST_KEY_UIMainStoryboardFile = Main;
				INFOPLIST_KEY_UISupportedInterfaceOrientations_iPad = "UIInterfaceOrientationPortrait UIInterfaceOrientationPortraitUpsideDown UIInterfaceOrientationLandscapeLeft UIInterfaceOrientationLandscapeRight";
				INFOPLIST_KEY_UISupportedInterfaceOrientations_iPhone = "UIInterfaceOrientationPortrait UIInterfaceOrientationLandscapeLeft UIInterfaceOrientationLandscapeRight";
				LD_RUNPATH_SEARCH_PATHS = (
					"$(inherited)",
					"@executable_path/Frameworks",
				);
				MARKETING_VERSION = 1.0;
				PRODUCT_BUNDLE_IDENTIFIER = jp.yuoku.Ancient;
				PRODUCT_NAME = "$(TARGET_NAME)";
				SWIFT_EMIT_LOC_STRINGS = YES;
				TARGETED_DEVICE_FAMILY = "1,2";
			};
			name = Debug;
		};
		B6DD3E942A471BE3003CBB42 /* Release */ = {
			isa = XCBuildConfiguration;
			buildSettings = {
				ASSETCATALOG_COMPILER_APPICON_NAME = AppIcon;
				ASSETCATALOG_COMPILER_GLOBAL_ACCENT_COLOR_NAME = AccentColor;
				CODE_SIGN_STYLE = Automatic;
				CURRENT_PROJECT_VERSION = 1;
				DEVELOPMENT_TEAM = B8PR34D6DP;
				GENERATE_INFOPLIST_FILE = YES;
				INFOPLIST_FILE = Ancient/Info.plist;
				INFOPLIST_KEY_UIApplicationSupportsIndirectInputEvents = YES;
				INFOPLIST_KEY_UILaunchStoryboardName = LaunchScreen;
				INFOPLIST_KEY_UIMainStoryboardFile = Main;
				INFOPLIST_KEY_UISupportedInterfaceOrientations_iPad = "UIInterfaceOrientationPortrait UIInterfaceOrientationPortraitUpsideDown UIInterfaceOrientationLandscapeLeft UIInterfaceOrientationLandscapeRight";
				INFOPLIST_KEY_UISupportedInterfaceOrientations_iPhone = "UIInterfaceOrientationPortrait UIInterfaceOrientationLandscapeLeft UIInterfaceOrientationLandscapeRight";
				LD_RUNPATH_SEARCH_PATHS = (
					"$(inherited)",
					"@executable_path/Frameworks",
				);
				MARKETING_VERSION = 1.0;
				PRODUCT_BUNDLE_IDENTIFIER = jp.yuoku.Ancient;
				PRODUCT_NAME = "$(TARGET_NAME)";
				SWIFT_EMIT_LOC_STRINGS = YES;
				TARGETED_DEVICE_FAMILY = "1,2";
			};
			name = Release;
		};
		B6DD3E962A471BE3003CBB42 /* Debug */ = {
			isa = XCBuildConfiguration;
			buildSettings = {
				BUNDLE_LOADER = "$(TEST_HOST)";
				CODE_SIGN_STYLE = Automatic;
				CURRENT_PROJECT_VERSION = 1;
				DEVELOPMENT_TEAM = B8PR34D6DP;
				GENERATE_INFOPLIST_FILE = YES;
				IPHONEOS_DEPLOYMENT_TARGET = 16.2;
				MARKETING_VERSION = 1.0;
				PRODUCT_BUNDLE_IDENTIFIER = jp.yuoku.AncientTests;
				PRODUCT_NAME = "$(TARGET_NAME)";
				SWIFT_EMIT_LOC_STRINGS = NO;
				TARGETED_DEVICE_FAMILY = "1,2";
				TEST_HOST = "$(BUILT_PRODUCTS_DIR)/Ancient.app/$(BUNDLE_EXECUTABLE_FOLDER_PATH)/Ancient";
			};
			name = Debug;
		};
		B6DD3E972A471BE3003CBB42 /* Release */ = {
			isa = XCBuildConfiguration;
			buildSettings = {
				BUNDLE_LOADER = "$(TEST_HOST)";
				CODE_SIGN_STYLE = Automatic;
				CURRENT_PROJECT_VERSION = 1;
				DEVELOPMENT_TEAM = B8PR34D6DP;
				GENERATE_INFOPLIST_FILE = YES;
				IPHONEOS_DEPLOYMENT_TARGET = 16.2;
				MARKETING_VERSION = 1.0;
				PRODUCT_BUNDLE_IDENTIFIER = jp.yuoku.AncientTests;
				PRODUCT_NAME = "$(TARGET_NAME)";
				SWIFT_EMIT_LOC_STRINGS = NO;
				TARGETED_DEVICE_FAMILY = "1,2";
				TEST_HOST = "$(BUILT_PRODUCTS_DIR)/Ancient.app/$(BUNDLE_EXECUTABLE_FOLDER_PATH)/Ancient";
			};
			name = Release;
		};
		B6DD3E992A471BE3003CBB42 /* Debug */ = {
			isa = XCBuildConfiguration;
			buildSettings = {
				CODE_SIGN_STYLE = Automatic;
				CURRENT_PROJECT_VERSION = 1;
				DEVELOPMENT_TEAM = B8PR34D6DP;
				GENERATE_INFOPLIST_FILE = YES;
				MARKETING_VERSION = 1.0;
				PRODUCT_BUNDLE_IDENTIFIER = jp.yuoku.AncientUITests;
				PRODUCT_NAME = "$(TARGET_NAME)";
				SWIFT_EMIT_LOC_STRINGS = NO;
				TARGETED_DEVICE_FAMILY = "1,2";
				TEST_TARGET_NAME = Ancient;
			};
			name = Debug;
		};
		B6DD3E9A2A471BE3003CBB42 /* Release */ = {
			isa = XCBuildConfiguration;
			buildSettings = {
				CODE_SIGN_STYLE = Automatic;
				CURRENT_PROJECT_VERSION = 1;
				DEVELOPMENT_TEAM = B8PR34D6DP;
				GENERATE_INFOPLIST_FILE = YES;
				MARKETING_VERSION = 1.0;
				PRODUCT_BUNDLE_IDENTIFIER = jp.yuoku.AncientUITests;
				PRODUCT_NAME = "$(TARGET_NAME)";
				SWIFT_EMIT_LOC_STRINGS = NO;
				TARGETED_DEVICE_FAMILY = "1,2";
				TEST_TARGET_NAME = Ancient;
			};
			name = Release;
		};
/* End XCBuildConfiguration section */

/* Begin XCConfigurationList section */
		B6DD3E5E2A471BE2003CBB42 /* Build configuration list for PBXProject "Ancient" */ = {
			isa = XCConfigurationList;
			buildConfigurations = (
				B6DD3E902A471BE3003CBB42 /* Debug */,
				B6DD3E912A471BE3003CBB42 /* Release */,
			);
			defaultConfigurationIsVisible = 0;
			defaultConfigurationName = Release;
		};
		B6DD3E922A471BE3003CBB42 /* Build configuration list for PBXNativeTarget "Ancient" */ = {
			isa = XCConfigurationList;
			buildConfigurations = (
				B6DD3E932A471BE3003CBB42 /* Debug */,
				B6DD3E942A471BE3003CBB42 /* Release */,
			);
			defaultConfigurationIsVisible = 0;
			defaultConfigurationName = Release;
		};
		B6DD3E952A471BE3003CBB42 /* Build configuration list for PBXNativeTarget "AncientTests" */ = {
			isa = XCConfigurationList;
			buildConfigurations = (
				B6DD3E962A471BE3003CBB42 /* Debug */,
				B6DD3E972A471BE3003CBB42 /* Release */,
			);
			defaultConfigurationIsVisible = 0;
			defaultConfigurationName = Release;
		};
		B6DD3E982A471BE3003CBB42 /* Build configuration list for PBXNativeTarget "AncientUITests" */ = {
			isa = XCConfigurationList;
			buildConfigurations = (
				B6DD3E992A471BE3003CBB42 /* Debug */,
				B6DD3E9A2A471BE3003CBB42 /* Release */,
			);
			defaultConfigurationIsVisible = 0;
			defaultConfigurationName = Release;
		};
/* End XCConfigurationList section */
	};
	rootObject = B6DD3E5B2A471BE2003CBB42 /* Project object */;
}
